
Microsoft Visual Studio Solution File, Format Version 12.00
# Visual Studio Version 17
VisualStudioVersion = 17.1.32421.90
MinimumVisualStudioVersion = 10.0.40219.1
Project("{FAE04EC0-301F-11D3-BF4B-00C04F79EFBC}") = "ServerExample", "ServerExample\ServerExample.csproj", "{542297F5-1BBB-4A18-9E14-950D12B94682}"
EndProject
Global
	GlobalSection(SolutionConfigurationPlatforms) = preSolution
		Debug|Any CPU = Debug|Any CPU
		Release|Any CPU = Release|Any CPU
	EndGlobalSection
	GlobalSection(ProjectConfigurationPlatforms) = postSolution
		{542297F5-1BBB-4A18-9E14-950D12B94682}.Debug|Any CPU.ActiveCfg = Debug|Any CPU
		{542297F5-1BBB-4A18-9E14-950D12B94682}.Debug|Any CPU.Build.0 = Debug|Any CPU
		{542297F5-1BBB-4A18-9E14-950D12B94682}.Release|Any CPU.ActiveCfg = Release|Any CPU
		{542297F5-1BBB-4A18-9E14-950D12B94682}.Release|Any CPU.Build.0 = Release|Any CPU
	EndGlobalSection
	GlobalSection(SolutionProperties) = preSolution
		HideSolutionNode = FALSE
	EndGlobalSection
	GlobalSection(ExtensibilityGlobals) = postSolution
		SolutionGuid = {C41A4090-2FFF-4C26-8C8F-33C6F495A180}
	EndGlobalSection
EndGlobal
